
Microsoft Visual Studio Solution File, Format Version 12.00
# Visual Studio Version 17
VisualStudioVersion = 17.6.33815.320
MinimumVisualStudioVersion = 10.0.40219.1
Project("{FAE04EC0-301F-11D3-BF4B-00C04F79EFBC}") = "444", "444\444.csproj", "{0E45358D-AE3C-4F64-AE51-DF439873B188}"
EndProject
Global
	GlobalSection(SolutionConfigurationPlatforms) = preSolution
		Debug|Any CPU = Debug|Any CPU
		Release|Any CPU = Release|Any CPU
	EndGlobalSection
	GlobalSection(ProjectConfigurationPlatforms) = postSolution
		{0E45358D-AE3C-4F64-AE51-DF439873B188}.Debug|Any CPU.ActiveCfg = Debug|Any CPU
		{0E45358D-AE3C-4F64-AE51-DF439873B188}.Debug|Any CPU.Build.0 = Debug|Any CPU
		{0E45358D-AE3C-4F64-AE51-DF439873B188}.Release|Any CPU.ActiveCfg = Release|Any CPU
		{0E45358D-AE3C-4F64-AE51-DF439873B188}.Release|Any CPU.Build.0 = Release|Any CPU
	EndGlobalSection
	GlobalSection(SolutionProperties) = preSolution
		HideSolutionNode = FALSE
	EndGlobalSection
	GlobalSection(ExtensibilityGlobals) = postSolution
		SolutionGuid = {9F236029-3621-444E-AE87-842965541A5E}
	EndGlobalSection
EndGlobal
